
Microsoft Visual Studio Solution File, Format Version 12.00
# Visual Studio Version 16
VisualStudioVersion = 16.0.30114.105
MinimumVisualStudioVersion = 10.0.40219.1
Project("{FAE04EC0-301F-11D3-BF4B-00C04F79EFBC}") = "ConsoleApp2", "ConsoleApp2\ConsoleApp2.csproj", "{BD3052EE-3B2C-4AC7-A526-DE995743EC49}"
EndProject
Project("{FAE04EC0-301F-11D3-BF4B-00C04F79EFBC}") = "FireEventADR", "FireEventADR\FireEventADR.csproj", "{F2AF6BD1-1A47-4D52-96B4-AF3EAB8C13F2}"
EndProject
Global
	GlobalSection(SolutionConfigurationPlatforms) = preSolution
		Debug|Any CPU = Debug|Any CPU
		Release|Any CPU = Release|Any CPU
	EndGlobalSection
	GlobalSection(ProjectConfigurationPlatforms) = postSolution
		{BD3052EE-3B2C-4AC7-A526-DE995743EC49}.Debug|Any CPU.ActiveCfg = Debug|Any CPU
		{BD3052EE-3B2C-4AC7-A526-DE995743EC49}.Debug|Any CPU.Build.0 = Debug|Any CPU
		{BD3052EE-3B2C-4AC7-A526-DE995743EC49}.Release|Any CPU.ActiveCfg = Release|Any CPU
		{BD3052EE-3B2C-4AC7-A526-DE995743EC49}.Release|Any CPU.Build.0 = Release|Any CPU
		{F2AF6BD1-1A47-4D52-96B4-AF3EAB8C13F2}.Debug|Any CPU.ActiveCfg = Debug|Any CPU
		{F2AF6BD1-1A47-4D52-96B4-AF3EAB8C13F2}.Debug|Any CPU.Build.0 = Debug|Any CPU
		{F2AF6BD1-1A47-4D52-96B4-AF3EAB8C13F2}.Release|Any CPU.ActiveCfg = Release|Any CPU
		{F2AF6BD1-1A47-4D52-96B4-AF3EAB8C13F2}.Release|Any CPU.Build.0 = Release|Any CPU
	EndGlobalSection
	GlobalSection(SolutionProperties) = preSolution
		HideSolutionNode = FALSE
	EndGlobalSection
	GlobalSection(ExtensibilityGlobals) = postSolution
		SolutionGuid = {6783E0D7-85E2-4F9C-83A5-D84244C97E30}
	EndGlobalSection
EndGlobal
